PODS:
  - AATKit/Admob (3.5.2):
    - AATKit/GoogleMobileAds
  - AATKit/AdX (3.5.2):
    - AATKit/GoogleMobileAds
  - AATKit/AmazonHB (3.5.2):
    - AATKit/Core
    - AmazonPublisherServicesSDK (= 4.7.7)
  - AATKit/AppLovin (3.5.2):
    - AATKit/AppLovinSDK
  - AATKit/AppLovinMax (3.5.2):
    - AATKit/AppLovinSDK
  - AATKit/AppLovinSDK (3.5.2):
    - AATKit/Core
    - AppLovinSDK (= 11.11.4)
  - AATKit/AppNexus (3.5.2):
    - AATKit/Core
  - AATKit/BlueStack (3.5.2):
    - AATKit/Core
    - Bluestack-SDK-Core (= 4.1.8)
  - AATKit/Core (3.5.2)
  - AATKit/CriteoSDK (3.5.2):
    - AATKit/Core
    - CriteoPublisherSdk (= 5.0.4)
  - AATKit/DFP (3.5.2):
    - AATKit/GoogleMobileAds
  - AATKit/Facebook (3.5.2):
    - AATKit/GoogleMobileAds
    - GoogleMobileAdsMediationFacebook (= 6.12.0.1)
  - AATKit/FeedAd (3.5.2):
    - AATKit/Core
    - FeedAd (= 1.5.4)
  - AATKit/GoogleCMP (3.5.2):
    - AATKit/Core
    - GoogleUserMessagingPlatform (= 2.1.0)
  - AATKit/GoogleMobileAds (3.5.2):
    - AATKit/Core
    - Google-Mobile-Ads-SDK (= 10.12.0)
  - AATKit/GraviteRTB (3.5.2):
    - AATKit/Core
  - AATKit/Inmobi (3.5.2):
    - AATKit/Core
    - InMobiSDK (= 10.6.0)
  - AATKit/IronSource (3.5.2):
    - AATKit/Core
    - IronSourceSDK (= 7.5.1)
  - AATKit/Mintegral (3.5.2):
    - AATKit/Core
    - MintegralAdSDK/BidBannerAd (= 7.5.3)
    - MintegralAdSDK/BidNewInterstitialAd
    - MintegralAdSDK/BidRewardVideoAd
    - MintegralAdSDK/BidSplashAd
  - AATKit/Prebid (3.5.2):
    - AATKit/Core
    - AATKit/GoogleMobileAds
  - AATKit/PubNative (3.5.2):
    - AATKit/Core
  - AATKit/Smaato (3.5.2):
    - AATKit/Core
    - smaato-ios-sdk (= 22.4.0)
  - AATKit/SmartAdServer (3.5.2):
    - AATKit/Core
    - Smart-Display-SDK (= 7.23.1)
  - AATKit/SourcePoint (3.5.2):
    - AATKit/Core
  - AATKit/Tappx (3.5.2):
    - AATKit/Core
  - AATKit/Unity (3.5.2):
    - AATKit/Core
    - UnityAds (= 4.9.1)
  - AATKit/Vungle (3.5.2):
    - AATKit/Core
    - VungleAds (= 7.2.0)
  - AATKit/YOC (3.5.2):
    - AATKit/Core
  - AmazonPublisherServicesSDK (4.7.7)
  - AppLovinSDK (11.11.4)
  - BEMCheckBox (1.4.1)
  - Bluestack-SDK-Core (4.1.8):
    - Bluestack-SDK-Core/Core (= 4.1.8)
  - Bluestack-SDK-Core/Core (4.1.8):
    - BlueStack-SDK/OMSDKMadvertise
  - BlueStack-SDK/OMSDKMadvertise (4.2.5)
  - boost (1.76.0)
  - CocoaAsyncSocket (7.6.5)
  - CriteoMRAID (1.0.1)
  - CriteoPublisherSdk (5.0.4):
    - CriteoMRAID (~> 1.0.1)
    - CriteoPublisherSdk/Sdk (= 5.0.4)
  - CriteoPublisherSdk/Sdk (5.0.4):
    - CriteoMRAID (~> 1.0.1)
  - DoubleConversion (1.1.6)
  - FBAudienceNetwork (6.12.0)
  - FBLazyVector (0.71.8)
  - FBReactNativeSpec (0.71.8):
    - RCT-Folly (= 2021.07.22.00)
    - RCTRequired (= 0.71.8)
    - RCTTypeSafety (= 0.71.8)
    - React-Core (= 0.71.8)
    - React-jsi (= 0.71.8)
    - ReactCommon/turbomodule/core (= 0.71.8)
  - FeedAd (1.5.4)
  - Flipper (0.125.0):
    - Flipper-Folly (~> 2.6)
    - Flipper-RSocket (~> 1.4)
  - Flipper-Boost-iOSX (1.76.0.1.11)
  - Flipper-DoubleConversion (3.2.0.1)
  - Flipper-Fmt (7.1.7)
  - Flipper-Folly (2.6.10):
    - Flipper-Boost-iOSX
    - Flipper-DoubleConversion
    - Flipper-Fmt (= 7.1.7)
    - Flipper-Glog
    - libevent (~> 2.1.12)
    - OpenSSL-Universal (= 1.1.1100)
  - Flipper-Glog (0.5.0.5)
  - Flipper-PeerTalk (0.0.4)
  - Flipper-RSocket (1.4.3):
    - Flipper-Folly (~> 2.6)
  - FlipperKit (0.125.0):
    - FlipperKit/Core (= 0.125.0)
  - FlipperKit/Core (0.125.0):
    - Flipper (~> 0.125.0)
    - FlipperKit/CppBridge
    - FlipperKit/FBCxxFollyDynamicConvert
    - FlipperKit/FBDefines
    - FlipperKit/FKPortForwarding
    - SocketRocket (~> 0.6.0)
  - FlipperKit/CppBridge (0.125.0):
    - Flipper (~> 0.125.0)
  - FlipperKit/FBCxxFollyDynamicConvert (0.125.0):
    - Flipper-Folly (~> 2.6)
  - FlipperKit/FBDefines (0.125.0)
  - FlipperKit/FKPortForwarding (0.125.0):
    - CocoaAsyncSocket (~> 7.6)
    - Flipper-PeerTalk (~> 0.0.4)
  - FlipperKit/FlipperKitHighlightOverlay (0.125.0)
  - FlipperKit/FlipperKitLayoutHelpers (0.125.0):
    - FlipperKit/Core
    - FlipperKit/FlipperKitHighlightOverlay
    - FlipperKit/FlipperKitLayoutTextSearchable
  - FlipperKit/FlipperKitLayoutIOSDescriptors (0.125.0):
    - FlipperKit/Core
    - FlipperKit/FlipperKitHighlightOverlay
    - FlipperKit/FlipperKitLayoutHelpers
    - YogaKit (~> 1.18)
  - FlipperKit/FlipperKitLayoutPlugin (0.125.0):
    - FlipperKit/Core
    - FlipperKit/FlipperKitHighlightOverlay
    - FlipperKit/FlipperKitLayoutHelpers
    - FlipperKit/FlipperKitLayoutIOSDescriptors
    - FlipperKit/FlipperKitLayoutTextSearchable
    - YogaKit (~> 1.18)
  - FlipperKit/FlipperKitLayoutTextSearchable (0.125.0)
  - FlipperKit/FlipperKitNetworkPlugin (0.125.0):
    - FlipperKit/Core
  - FlipperKit/FlipperKitReactPlugin (0.125.0):
    - FlipperKit/Core
  - FlipperKit/FlipperKitUserDefaultsPlugin (0.125.0):
    - FlipperKit/Core
  - FlipperKit/SKIOSNetworkPlugin (0.125.0):
    - FlipperKit/Core
    - FlipperKit/FlipperKitNetworkPlugin
  - fmt (6.2.1)
  - glog (0.3.5)
  - Google-Mobile-Ads-SDK (10.12.0):
    - GoogleAppMeasurement (< 11.0, >= 7.0)
    - GoogleUserMessagingPlatform (>= 1.1)
  - GoogleAppMeasurement (10.24.0):
    - GoogleAppMeasurement/AdIdSupport (= 10.24.0)
    - GoogleUtilities/AppDelegateSwizzler (~> 7.11)
    - GoogleUtilities/MethodSwizzler (~> 7.11)
    - GoogleUtilities/Network (~> 7.11)
    - "GoogleUtilities/NSData+zlib (~> 7.11)"
    - nanopb (< 2.30911.0, >= 2.30908.0)
  - GoogleAppMeasurement/AdIdSupport (10.24.0):
    - GoogleAppMeasurement/WithoutAdIdSupport (= 10.24.0)
    - GoogleUtilities/AppDelegateSwizzler (~> 7.11)
    - GoogleUtilities/MethodSwizzler (~> 7.11)
    - GoogleUtilities/Network (~> 7.11)
    - "GoogleUtilities/NSData+zlib (~> 7.11)"
    - nanopb (< 2.30911.0, >= 2.30908.0)
  - GoogleAppMeasurement/WithoutAdIdSupport (10.24.0):
    - GoogleUtilities/AppDelegateSwizzler (~> 7.11)
    - GoogleUtilities/MethodSwizzler (~> 7.11)
    - GoogleUtilities/Network (~> 7.11)
    - "GoogleUtilities/NSData+zlib (~> 7.11)"
    - nanopb (< 2.30911.0, >= 2.30908.0)
  - GoogleMobileAdsMediationFacebook (6.12.0.1):
    - FBAudienceNetwork (= 6.12.0)
    - Google-Mobile-Ads-SDK (~> 10.0)
  - GoogleUserMessagingPlatform (2.1.0)
  - GoogleUtilities/AppDelegateSwizzler (7.13.0):
    - GoogleUtilities/Environment
    - GoogleUtilities/Logger
    - GoogleUtilities/Network
    - GoogleUtilities/Privacy
  - GoogleUtilities/Environment (7.13.0):
    - GoogleUtilities/Privacy
    - PromisesObjC (< 3.0, >= 1.2)
  - GoogleUtilities/Logger (7.13.0):
    - GoogleUtilities/Environment
    - GoogleUtilities/Privacy
  - GoogleUtilities/MethodSwizzler (7.13.0):
    - GoogleUtilities/Logger
    - GoogleUtilities/Privacy
  - GoogleUtilities/Network (7.13.0):
    - GoogleUtilities/Logger
    - "GoogleUtilities/NSData+zlib"
    - GoogleUtilities/Privacy
    - GoogleUtilities/Reachability
  - "GoogleUtilities/NSData+zlib (7.13.0)":
    - GoogleUtilities/Privacy
  - GoogleUtilities/Privacy (7.13.0)
  - GoogleUtilities/Reachability (7.13.0):
    - GoogleUtilities/Logger
    - GoogleUtilities/Privacy
  - hermes-engine (0.71.8):
    - hermes-engine/Pre-built (= 0.71.8)
  - hermes-engine/Pre-built (0.71.8)
  - InMobiSDK (10.6.0)
  - IronSourceSDK (7.5.1.0)
  - libevent (2.1.12)
  - MintegralAdSDK/BannerAd (7.5.3):
    - MintegralAdSDK/NativeAd
  - MintegralAdSDK/BidBannerAd (7.5.3):
    - MintegralAdSDK/BannerAd
    - MintegralAdSDK/BidNativeAd
  - MintegralAdSDK/BidNativeAd (7.5.3):
    - MintegralAdSDK/NativeAd
  - MintegralAdSDK/BidNewInterstitialAd (7.5.3):
    - MintegralAdSDK/BidNativeAd
    - MintegralAdSDK/NewInterstitialAd
  - MintegralAdSDK/BidRewardVideoAd (7.5.3):
    - MintegralAdSDK/BidNativeAd
    - MintegralAdSDK/RewardVideoAd
  - MintegralAdSDK/BidSplashAd (7.5.3):
    - MintegralAdSDK/BidNativeAd
    - MintegralAdSDK/SplashAd
  - MintegralAdSDK/InterstitialVideoAd (7.5.3):
    - MintegralAdSDK/NativeAd
  - MintegralAdSDK/NativeAd (7.5.3)
  - MintegralAdSDK/NewInterstitialAd (7.5.3):
    - MintegralAdSDK/InterstitialVideoAd
    - MintegralAdSDK/NativeAd
  - MintegralAdSDK/RewardVideoAd (7.5.3):
    - MintegralAdSDK/NativeAd
  - MintegralAdSDK/SplashAd (7.5.3):
    - MintegralAdSDK/NativeAd
  - nanopb (2.30910.0):
    - nanopb/decode (= 2.30910.0)
    - nanopb/encode (= 2.30910.0)
  - nanopb/decode (2.30910.0)
  - nanopb/encode (2.30910.0)
  - OpenSSL-Universal (1.1.1100)
  - PromisesObjC (2.4.0)
  - RCT-Folly (2021.07.22.00):
    - boost
    - DoubleConversion
    - fmt (~> 6.2.1)
    - glog
    - RCT-Folly/Default (= 2021.07.22.00)
  - RCT-Folly/Default (2021.07.22.00):
    - boost
    - DoubleConversion
    - fmt (~> 6.2.1)
    - glog
  - RCT-Folly/Futures (2021.07.22.00):
    - boost
    - DoubleConversion
    - fmt (~> 6.2.1)
    - glog
    - libevent
  - RCTRequired (0.71.8)
  - RCTTypeSafety (0.71.8):
    - FBLazyVector (= 0.71.8)
    - RCTRequired (= 0.71.8)
    - React-Core (= 0.71.8)
  - React (0.71.8):
    - React-Core (= 0.71.8)
    - React-Core/DevSupport (= 0.71.8)
    - React-Core/RCTWebSocket (= 0.71.8)
    - React-RCTActionSheet (= 0.71.8)
    - React-RCTAnimation (= 0.71.8)
    - React-RCTBlob (= 0.71.8)
    - React-RCTImage (= 0.71.8)
    - React-RCTLinking (= 0.71.8)
    - React-RCTNetwork (= 0.71.8)
    - React-RCTSettings (= 0.71.8)
    - React-RCTText (= 0.71.8)
    - React-RCTVibration (= 0.71.8)
  - React-callinvoker (0.71.8)
  - React-Codegen (0.71.8):
    - FBReactNativeSpec
    - hermes-engine
    - RCT-Folly
    - RCTRequired
    - RCTTypeSafety
    - React-Core
    - React-jsi
    - React-jsiexecutor
    - ReactCommon/turbomodule/bridging
    - ReactCommon/turbomodule/core
  - React-Core (0.71.8):
    - glog
    - hermes-engine
    - RCT-Folly (= 2021.07.22.00)
    - React-Core/Default (= 0.71.8)
    - React-cxxreact (= 0.71.8)
    - React-hermes
    - React-jsi (= 0.71.8)
    - React-jsiexecutor (= 0.71.8)
    - React-perflogger (= 0.71.8)
    - Yoga
  - React-Core/CoreModulesHeaders (0.71.8):
    - glog
    - hermes-engine
    - RCT-Folly (= 2021.07.22.00)
    - React-Core/Default
    - React-cxxreact (= 0.71.8)
    - React-hermes
    - React-jsi (= 0.71.8)
    - React-jsiexecutor (= 0.71.8)
    - React-perflogger (= 0.71.8)
    - Yoga
  - React-Core/Default (0.71.8):
    - glog
    - hermes-engine
    - RCT-Folly (= 2021.07.22.00)
    - React-cxxreact (= 0.71.8)
    - React-hermes
    - React-jsi (= 0.71.8)
    - React-jsiexecutor (= 0.71.8)
    - React-perflogger (= 0.71.8)
    - Yoga
  - React-Core/DevSupport (0.71.8):
    - glog
    - hermes-engine
    - RCT-Folly (= 2021.07.22.00)
    - React-Core/Default (= 0.71.8)
    - React-Core/RCTWebSocket (= 0.71.8)
    - React-cxxreact (= 0.71.8)
    - React-hermes
    - React-jsi (= 0.71.8)
    - React-jsiexecutor (= 0.71.8)
    - React-jsinspector (= 0.71.8)
    - React-perflogger (= 0.71.8)
    - Yoga
  - React-Core/RCTActionSheetHeaders (0.71.8):
    - glog
    - hermes-engine
    - RCT-Folly (= 2021.07.22.00)
    - React-Core/Default
    - React-cxxreact (= 0.71.8)
    - React-hermes
    - React-jsi (= 0.71.8)
    - React-jsiexecutor (= 0.71.8)
    - React-perflogger (= 0.71.8)
    - Yoga
  - React-Core/RCTAnimationHeaders (0.71.8):
    - glog
    - hermes-engine
    - RCT-Folly (= 2021.07.22.00)
    - React-Core/Default
    - React-cxxreact (= 0.71.8)
    - React-hermes
    - React-jsi (= 0.71.8)
    - React-jsiexecutor (= 0.71.8)
    - React-perflogger (= 0.71.8)
    - Yoga
  - React-Core/RCTBlobHeaders (0.71.8):
    - glog
    - hermes-engine
    - RCT-Folly (= 2021.07.22.00)
    - React-Core/Default
    - React-cxxreact (= 0.71.8)
    - React-hermes
    - React-jsi (= 0.71.8)
    - React-jsiexecutor (= 0.71.8)
    - React-perflogger (= 0.71.8)
    - Yoga
  - React-Core/RCTImageHeaders (0.71.8):
    - glog
    - hermes-engine
    - RCT-Folly (= 2021.07.22.00)
    - React-Core/Default
    - React-cxxreact (= 0.71.8)
    - React-hermes
    - React-jsi (= 0.71.8)
    - React-jsiexecutor (= 0.71.8)
    - React-perflogger (= 0.71.8)
    - Yoga
  - React-Core/RCTLinkingHeaders (0.71.8):
    - glog
    - hermes-engine
    - RCT-Folly (= 2021.07.22.00)
    - React-Core/Default
    - React-cxxreact (= 0.71.8)
    - React-hermes
    - React-jsi (= 0.71.8)
    - React-jsiexecutor (= 0.71.8)
    - React-perflogger (= 0.71.8)
    - Yoga
  - React-Core/RCTNetworkHeaders (0.71.8):
    - glog
    - hermes-engine
    - RCT-Folly (= 2021.07.22.00)
    - React-Core/Default
    - React-cxxreact (= 0.71.8)
    - React-hermes
    - React-jsi (= 0.71.8)
    - React-jsiexecutor (= 0.71.8)
    - React-perflogger (= 0.71.8)
    - Yoga
  - React-Core/RCTSettingsHeaders (0.71.8):
    - glog
    - hermes-engine
    - RCT-Folly (= 2021.07.22.00)
    - React-Core/Default
    - React-cxxreact (= 0.71.8)
    - React-hermes
    - React-jsi (= 0.71.8)
    - React-jsiexecutor (= 0.71.8)
    - React-perflogger (= 0.71.8)
    - Yoga
  - React-Core/RCTTextHeaders (0.71.8):
    - glog
    - hermes-engine
    - RCT-Folly (= 2021.07.22.00)
    - React-Core/Default
    - React-cxxreact (= 0.71.8)
    - React-hermes
    - React-jsi (= 0.71.8)
    - React-jsiexecutor (= 0.71.8)
    - React-perflogger (= 0.71.8)
    - Yoga
  - React-Core/RCTVibrationHeaders (0.71.8):
    - glog
    - hermes-engine
    - RCT-Folly (= 2021.07.22.00)
    - React-Core/Default
    - React-cxxreact (= 0.71.8)
    - React-hermes
    - React-jsi (= 0.71.8)
    - React-jsiexecutor (= 0.71.8)
    - React-perflogger (= 0.71.8)
    - Yoga
  - React-Core/RCTWebSocket (0.71.8):
    - glog
    - hermes-engine
    - RCT-Folly (= 2021.07.22.00)
    - React-Core/Default (= 0.71.8)
    - React-cxxreact (= 0.71.8)
    - React-hermes
    - React-jsi (= 0.71.8)
    - React-jsiexecutor (= 0.71.8)
    - React-perflogger (= 0.71.8)
    - Yoga
  - React-CoreModules (0.71.8):
    - RCT-Folly (= 2021.07.22.00)
    - RCTTypeSafety (= 0.71.8)
    - React-Codegen (= 0.71.8)
    - React-Core/CoreModulesHeaders (= 0.71.8)
    - React-jsi (= 0.71.8)
    - React-RCTBlob
    - React-RCTImage (= 0.71.8)
    - ReactCommon/turbomodule/core (= 0.71.8)
  - React-cxxreact (0.71.8):
    - boost (= 1.76.0)
    - DoubleConversion
    - glog
    - hermes-engine
    - RCT-Folly (= 2021.07.22.00)
    - React-callinvoker (= 0.71.8)
    - React-jsi (= 0.71.8)
    - React-jsinspector (= 0.71.8)
    - React-logger (= 0.71.8)
    - React-perflogger (= 0.71.8)
    - React-runtimeexecutor (= 0.71.8)
  - React-hermes (0.71.8):
    - DoubleConversion
    - glog
    - hermes-engine
    - RCT-Folly (= 2021.07.22.00)
    - RCT-Folly/Futures (= 2021.07.22.00)
    - React-cxxreact (= 0.71.8)
    - React-jsi
    - React-jsiexecutor (= 0.71.8)
    - React-jsinspector (= 0.71.8)
    - React-perflogger (= 0.71.8)
  - React-jsi (0.71.8):
    - boost (= 1.76.0)
    - DoubleConversion
    - glog
    - hermes-engine
    - RCT-Folly (= 2021.07.22.00)
  - React-jsiexecutor (0.71.8):
    - DoubleConversion
    - glog
    - hermes-engine
    - RCT-Folly (= 2021.07.22.00)
    - React-cxxreact (= 0.71.8)
    - React-jsi (= 0.71.8)
    - React-perflogger (= 0.71.8)
  - React-jsinspector (0.71.8)
  - React-logger (0.71.8):
    - glog
  - react-native-safe-area-context (4.5.2):
    - RCT-Folly
    - RCTRequired
    - RCTTypeSafety
    - React-Core
    - ReactCommon/turbomodule/core
  - react-native-webview (13.8.4):
    - RCT-Folly (= 2021.07.22.00)
    - React-Core
  - React-perflogger (0.71.8)
  - React-RCTActionSheet (0.71.8):
    - React-Core/RCTActionSheetHeaders (= 0.71.8)
  - React-RCTAnimation (0.71.8):
    - RCT-Folly (= 2021.07.22.00)
    - RCTTypeSafety (= 0.71.8)
    - React-Codegen (= 0.71.8)
    - React-Core/RCTAnimationHeaders (= 0.71.8)
    - React-jsi (= 0.71.8)
    - ReactCommon/turbomodule/core (= 0.71.8)
  - React-RCTAppDelegate (0.71.8):
    - RCT-Folly
    - RCTRequired
    - RCTTypeSafety
    - React-Core
    - ReactCommon/turbomodule/core
  - React-RCTBlob (0.71.8):
    - hermes-engine
    - RCT-Folly (= 2021.07.22.00)
    - React-Codegen (= 0.71.8)
    - React-Core/RCTBlobHeaders (= 0.71.8)
    - React-Core/RCTWebSocket (= 0.71.8)
    - React-jsi (= 0.71.8)
    - React-RCTNetwork (= 0.71.8)
    - ReactCommon/turbomodule/core (= 0.71.8)
  - React-RCTImage (0.71.8):
    - RCT-Folly (= 2021.07.22.00)
    - RCTTypeSafety (= 0.71.8)
    - React-Codegen (= 0.71.8)
    - React-Core/RCTImageHeaders (= 0.71.8)
    - React-jsi (= 0.71.8)
    - React-RCTNetwork (= 0.71.8)
    - ReactCommon/turbomodule/core (= 0.71.8)
  - React-RCTLinking (0.71.8):
    - React-Codegen (= 0.71.8)
    - React-Core/RCTLinkingHeaders (= 0.71.8)
    - React-jsi (= 0.71.8)
    - ReactCommon/turbomodule/core (= 0.71.8)
  - React-RCTNetwork (0.71.8):
    - RCT-Folly (= 2021.07.22.00)
    - RCTTypeSafety (= 0.71.8)
    - React-Codegen (= 0.71.8)
    - React-Core/RCTNetworkHeaders (= 0.71.8)
    - React-jsi (= 0.71.8)
    - ReactCommon/turbomodule/core (= 0.71.8)
  - React-RCTSettings (0.71.8):
    - RCT-Folly (= 2021.07.22.00)
    - RCTTypeSafety (= 0.71.8)
    - React-Codegen (= 0.71.8)
    - React-Core/RCTSettingsHeaders (= 0.71.8)
    - React-jsi (= 0.71.8)
    - ReactCommon/turbomodule/core (= 0.71.8)
  - React-RCTText (0.71.8):
    - React-Core/RCTTextHeaders (= 0.71.8)
  - React-RCTVibration (0.71.8):
    - RCT-Folly (= 2021.07.22.00)
    - React-Codegen (= 0.71.8)
    - React-Core/RCTVibrationHeaders (= 0.71.8)
    - React-jsi (= 0.71.8)
    - ReactCommon/turbomodule/core (= 0.71.8)
  - React-runtimeexecutor (0.71.8):
    - React-jsi (= 0.71.8)
  - ReactCommon/turbomodule/bridging (0.71.8):
    - DoubleConversion
    - glog
    - hermes-engine
    - RCT-Folly (= 2021.07.22.00)
    - React-callinvoker (= 0.71.8)
    - React-Core (= 0.71.8)
    - React-cxxreact (= 0.71.8)
    - React-jsi (= 0.71.8)
    - React-logger (= 0.71.8)
    - React-perflogger (= 0.71.8)
  - ReactCommon/turbomodule/core (0.71.8):
    - DoubleConversion
    - glog
    - hermes-engine
    - RCT-Folly (= 2021.07.22.00)
    - React-callinvoker (= 0.71.8)
    - React-Core (= 0.71.8)
    - React-cxxreact (= 0.71.8)
    - React-jsi (= 0.71.8)
    - React-logger (= 0.71.8)
    - React-perflogger (= 0.71.8)
  - RNAatkit (2.5.2):
    - AATKit/Admob
    - AATKit/AdX
    - AATKit/AmazonHB
    - AATKit/AppLovin
    - AATKit/AppLovinMax
    - AATKit/AppNexus
    - AATKit/BlueStack
    - AATKit/Core (= 3.5.2)
    - AATKit/CriteoSDK
    - AATKit/DFP
    - AATKit/Facebook
    - AATKit/FeedAd
    - AATKit/GoogleCMP
    - AATKit/GraviteRTB
    - AATKit/Inmobi
    - AATKit/IronSource
    - AATKit/Mintegral
    - AATKit/Prebid
    - AATKit/PubNative
    - AATKit/Smaato
    - AATKit/SmartAdServer
    - AATKit/SourcePoint
    - AATKit/Tappx
    - AATKit/Unity
    - AATKit/Vungle
    - AATKit/YOC
    - React
  - RNCAsyncStorage (1.18.1):
    - React-Core
  - RNCCheckbox (0.5.17):
    - BEMCheckBox (~> 1.4)
    - React-Core
  - RNCPicker (2.6.1):
    - React-Core
  - RNCPushNotificationIOS (1.11.0):
    - React-Core
  - RNDateTimePicker (7.6.4):
    - React-Core
  - RNGestureHandler (2.10.0):
    - React-Core
  - RNReanimated (3.8.1):
    - RCT-Folly (= 2021.07.22.00)
    - React-Core
    - ReactCommon/turbomodule/core
  - RNScreens (3.31.1):
    - RCT-Folly (= 2021.07.22.00)
    - React-Core
    - React-RCTImage
  - RNSVG (13.9.0):
    - React-Core
  - RNVectorIcons (9.2.0):
    - React-Core
  - smaato-ios-sdk (22.4.0):
    - smaato-ios-sdk/Full (= 22.4.0)
  - smaato-ios-sdk/Banner (22.4.0):
    - smaato-ios-sdk/Modules/Banner
    - smaato-ios-sdk/Modules/Core
    - smaato-ios-sdk/Modules/RichMedia
  - smaato-ios-sdk/Full (22.4.0):
    - smaato-ios-sdk/Banner
    - smaato-ios-sdk/Interstitial
    - smaato-ios-sdk/Native
    - smaato-ios-sdk/Outstream
    - smaato-ios-sdk/RewardedAds
  - smaato-ios-sdk/Interstitial (22.4.0):
    - smaato-ios-sdk/Modules/Interstitial
    - smaato-ios-sdk/Modules/RichMedia
    - smaato-ios-sdk/Modules/Video
  - smaato-ios-sdk/Modules/Banner (22.4.0):
    - smaato-ios-sdk/Modules/Core
  - smaato-ios-sdk/Modules/Core (22.4.0)
  - smaato-ios-sdk/Modules/Interstitial (22.4.0):
    - smaato-ios-sdk/Modules/Core
  - smaato-ios-sdk/Modules/Native (22.4.0):
    - smaato-ios-sdk/Modules/Core
  - smaato-ios-sdk/Modules/OpenMeasurement (22.4.0):
    - smaato-ios-sdk/Modules/Core
  - smaato-ios-sdk/Modules/Outstream (22.4.0):
    - smaato-ios-sdk/Modules/Banner
    - smaato-ios-sdk/Modules/Core
    - smaato-ios-sdk/Modules/RichMedia
  - smaato-ios-sdk/Modules/RewardedAds (22.4.0):
    - smaato-ios-sdk/Modules/Core
  - smaato-ios-sdk/Modules/RichMedia (22.4.0):
    - smaato-ios-sdk/Modules/Core
    - smaato-ios-sdk/Modules/OpenMeasurement
  - smaato-ios-sdk/Modules/Video (22.4.0):
    - smaato-ios-sdk/Modules/Core
    - smaato-ios-sdk/Modules/OpenMeasurement
  - smaato-ios-sdk/Native (22.4.0):
    - smaato-ios-sdk/Modules/Core
    - smaato-ios-sdk/Modules/Native
  - smaato-ios-sdk/Outstream (22.4.0):
    - smaato-ios-sdk/Modules/Outstream
  - smaato-ios-sdk/RewardedAds (22.4.0):
    - smaato-ios-sdk/Modules/RewardedAds
    - smaato-ios-sdk/Modules/Video
  - Smart-Display-SDK (7.23.1)
  - SocketRocket (0.6.1)
  - Stripe (23.27.0):
    - StripeApplePay (= 23.27.0)
    - StripeCore (= 23.27.0)
    - StripePayments (= 23.27.0)
    - StripePaymentsUI (= 23.27.0)
    - StripeUICore (= 23.27.0)
  - stripe-react-native (0.37.3):
    - React-Core
    - Stripe (~> 23.27.0)
    - StripeApplePay (~> 23.27.0)
    - StripeFinancialConnections (~> 23.27.0)
    - StripePayments (~> 23.27.0)
    - StripePaymentSheet (~> 23.27.0)
    - StripePaymentsUI (~> 23.27.0)
  - StripeApplePay (23.27.0):
    - StripeCore (= 23.27.0)
  - StripeCore (23.27.0)
  - StripeFinancialConnections (23.27.0):
    - StripeCore (= 23.27.0)
    - StripeUICore (= 23.27.0)
  - StripePayments (23.27.0):
    - StripeCore (= 23.27.0)
    - StripePayments/Stripe3DS2 (= 23.27.0)
  - StripePayments/Stripe3DS2 (23.27.0):
    - StripeCore (= 23.27.0)
  - StripePaymentSheet (23.27.0):
    - StripeApplePay (= 23.27.0)
    - StripeCore (= 23.27.0)
    - StripePayments (= 23.27.0)
    - StripePaymentsUI (= 23.27.0)
  - StripePaymentsUI (23.27.0):
    - StripeCore (= 23.27.0)
    - StripePayments (= 23.27.0)
    - StripeUICore (= 23.27.0)
  - StripeUICore (23.27.0):
    - StripeCore (= 23.27.0)
  - UnityAds (4.9.1)
  - VungleAds (7.2.0)
  - Yoga (1.14.0)
  - YogaKit (1.18.1):
    - Yoga (~> 1.14)

DEPENDENCIES:
  - boost (from `../node_modules/react-native/third-party-podspecs/boost.podspec`)
  - DoubleConversion (from `../node_modules/react-native/third-party-podspecs/DoubleConversion.podspec`)
  - FBLazyVector (from `../node_modules/react-native/Libraries/FBLazyVector`)
  - FBReactNativeSpec (from `../node_modules/react-native/React/FBReactNativeSpec`)
  - Flipper (= 0.125.0)
  - Flipper-Boost-iOSX (= 1.76.0.1.11)
  - Flipper-DoubleConversion (= 3.2.0.1)
  - Flipper-Fmt (= 7.1.7)
  - Flipper-Folly (= 2.6.10)
  - Flipper-Glog (= 0.5.0.5)
  - Flipper-PeerTalk (= 0.0.4)
  - Flipper-RSocket (= 1.4.3)
  - FlipperKit (= 0.125.0)
  - FlipperKit/Core (= 0.125.0)
  - FlipperKit/CppBridge (= 0.125.0)
  - FlipperKit/FBCxxFollyDynamicConvert (= 0.125.0)
  - FlipperKit/FBDefines (= 0.125.0)
  - FlipperKit/FKPortForwarding (= 0.125.0)
  - FlipperKit/FlipperKitHighlightOverlay (= 0.125.0)
  - FlipperKit/FlipperKitLayoutPlugin (= 0.125.0)
  - FlipperKit/FlipperKitLayoutTextSearchable (= 0.125.0)
  - FlipperKit/FlipperKitNetworkPlugin (= 0.125.0)
  - FlipperKit/FlipperKitReactPlugin (= 0.125.0)
  - FlipperKit/FlipperKitUserDefaultsPlugin (= 0.125.0)
  - FlipperKit/SKIOSNetworkPlugin (= 0.125.0)
  - glog (from `../node_modules/react-native/third-party-podspecs/glog.podspec`)
  - hermes-engine (from `../node_modules/react-native/sdks/hermes-engine/hermes-engine.podspec`)
  - libevent (~> 2.1.12)
  - OpenSSL-Universal (= 1.1.1100)
  - RCT-Folly (from `../node_modules/react-native/third-party-podspecs/RCT-Folly.podspec`)
  - RCTRequired (from `../node_modules/react-native/Libraries/RCTRequired`)
  - RCTTypeSafety (from `../node_modules/react-native/Libraries/TypeSafety`)
  - React (from `../node_modules/react-native/`)
  - React-callinvoker (from `../node_modules/react-native/ReactCommon/callinvoker`)
  - React-Codegen (from `build/generated/ios`)
  - React-Core (from `../node_modules/react-native/`)
  - React-Core/DevSupport (from `../node_modules/react-native/`)
  - React-Core/RCTWebSocket (from `../node_modules/react-native/`)
  - React-CoreModules (from `../node_modules/react-native/React/CoreModules`)
  - React-cxxreact (from `../node_modules/react-native/ReactCommon/cxxreact`)
  - React-hermes (from `../node_modules/react-native/ReactCommon/hermes`)
  - React-jsi (from `../node_modules/react-native/ReactCommon/jsi`)
  - React-jsiexecutor (from `../node_modules/react-native/ReactCommon/jsiexecutor`)
  - React-jsinspector (from `../node_modules/react-native/ReactCommon/jsinspector`)
  - React-logger (from `../node_modules/react-native/ReactCommon/logger`)
  - react-native-safe-area-context (from `../node_modules/react-native-safe-area-context`)
  - react-native-webview (from `../node_modules/react-native-webview`)
  - React-perflogger (from `../node_modules/react-native/ReactCommon/reactperflogger`)
  - React-RCTActionSheet (from `../node_modules/react-native/Libraries/ActionSheetIOS`)
  - React-RCTAnimation (from `../node_modules/react-native/Libraries/NativeAnimation`)
  - React-RCTAppDelegate (from `../node_modules/react-native/Libraries/AppDelegate`)
  - React-RCTBlob (from `../node_modules/react-native/Libraries/Blob`)
  - React-RCTImage (from `../node_modules/react-native/Libraries/Image`)
  - React-RCTLinking (from `../node_modules/react-native/Libraries/LinkingIOS`)
  - React-RCTNetwork (from `../node_modules/react-native/Libraries/Network`)
  - React-RCTSettings (from `../node_modules/react-native/Libraries/Settings`)
  - React-RCTText (from `../node_modules/react-native/Libraries/Text`)
  - React-RCTVibration (from `../node_modules/react-native/Libraries/Vibration`)
  - React-runtimeexecutor (from `../node_modules/react-native/ReactCommon/runtimeexecutor`)
  - ReactCommon/turbomodule/core (from `../node_modules/react-native/ReactCommon`)
  - "RNAatkit (from `../node_modules/@addapptr/react-native-aatkit`)"
  - "RNCAsyncStorage (from `../node_modules/@react-native-async-storage/async-storage`)"
  - "RNCCheckbox (from `../node_modules/@react-native-community/checkbox`)"
  - "RNCPicker (from `../node_modules/@react-native-picker/picker`)"
  - "RNCPushNotificationIOS (from `../node_modules/@react-native-community/push-notification-ios`)"
  - "RNDateTimePicker (from `../node_modules/@react-native-community/datetimepicker`)"
  - RNGestureHandler (from `../node_modules/react-native-gesture-handler`)
  - RNReanimated (from `../node_modules/react-native-reanimated`)
  - RNScreens (from `../node_modules/react-native-screens`)
  - RNSVG (from `../node_modules/react-native-svg`)
  - RNVectorIcons (from `../node_modules/react-native-vector-icons`)
  - "stripe-react-native (from `../node_modules/@stripe/stripe-react-native`)"
  - Yoga (from `../node_modules/react-native/ReactCommon/yoga`)

SPEC REPOS:
  trunk:
    - AATKit
    - AmazonPublisherServicesSDK
    - AppLovinSDK
    - BEMCheckBox
    - BlueStack-SDK
    - Bluestack-SDK-Core
    - CocoaAsyncSocket
    - CriteoMRAID
    - CriteoPublisherSdk
    - FBAudienceNetwork
    - FeedAd
    - Flipper
    - Flipper-Boost-iOSX
    - Flipper-DoubleConversion
    - Flipper-Fmt
    - Flipper-Folly
    - Flipper-Glog
    - Flipper-PeerTalk
    - Flipper-RSocket
    - FlipperKit
    - fmt
    - Google-Mobile-Ads-SDK
    - GoogleAppMeasurement
    - GoogleMobileAdsMediationFacebook
    - GoogleUserMessagingPlatform
    - GoogleUtilities
    - InMobiSDK
    - IronSourceSDK
    - libevent
    - MintegralAdSDK
    - nanopb
    - OpenSSL-Universal
    - PromisesObjC
    - smaato-ios-sdk
    - Smart-Display-SDK
    - SocketRocket
    - Stripe
    - StripeApplePay
    - StripeCore
    - StripeFinancialConnections
    - StripePayments
    - StripePaymentSheet
    - StripePaymentsUI
    - StripeUICore
    - UnityAds
    - VungleAds
    - YogaKit

EXTERNAL SOURCES:
  boost:
    :podspec: "../node_modules/react-native/third-party-podspecs/boost.podspec"
  DoubleConversion:
    :podspec: "../node_modules/react-native/third-party-podspecs/DoubleConversion.podspec"
  FBLazyVector:
    :path: "../node_modules/react-native/Libraries/FBLazyVector"
  FBReactNativeSpec:
    :path: "../node_modules/react-native/React/FBReactNativeSpec"
  glog:
    :podspec: "../node_modules/react-native/third-party-podspecs/glog.podspec"
  hermes-engine:
    :podspec: "../node_modules/react-native/sdks/hermes-engine/hermes-engine.podspec"
  RCT-Folly:
    :podspec: "../node_modules/react-native/third-party-podspecs/RCT-Folly.podspec"
  RCTRequired:
    :path: "../node_modules/react-native/Libraries/RCTRequired"
  RCTTypeSafety:
    :path: "../node_modules/react-native/Libraries/TypeSafety"
  React:
    :path: "../node_modules/react-native/"
  React-callinvoker:
    :path: "../node_modules/react-native/ReactCommon/callinvoker"
  React-Codegen:
    :path: build/generated/ios
  React-Core:
    :path: "../node_modules/react-native/"
  React-CoreModules:
    :path: "../node_modules/react-native/React/CoreModules"
  React-cxxreact:
    :path: "../node_modules/react-native/ReactCommon/cxxreact"
  React-hermes:
    :path: "../node_modules/react-native/ReactCommon/hermes"
  React-jsi:
    :path: "../node_modules/react-native/ReactCommon/jsi"
  React-jsiexecutor:
    :path: "../node_modules/react-native/ReactCommon/jsiexecutor"
  React-jsinspector:
    :path: "../node_modules/react-native/ReactCommon/jsinspector"
  React-logger:
    :path: "../node_modules/react-native/ReactCommon/logger"
  react-native-safe-area-context:
    :path: "../node_modules/react-native-safe-area-context"
  react-native-webview:
    :path: "../node_modules/react-native-webview"
  React-perflogger:
    :path: "../node_modules/react-native/ReactCommon/reactperflogger"
  React-RCTActionSheet:
    :path: "../node_modules/react-native/Libraries/ActionSheetIOS"
  React-RCTAnimation:
    :path: "../node_modules/react-native/Libraries/NativeAnimation"
  React-RCTAppDelegate:
    :path: "../node_modules/react-native/Libraries/AppDelegate"
  React-RCTBlob:
    :path: "../node_modules/react-native/Libraries/Blob"
  React-RCTImage:
    :path: "../node_modules/react-native/Libraries/Image"
  React-RCTLinking:
    :path: "../node_modules/react-native/Libraries/LinkingIOS"
  React-RCTNetwork:
    :path: "../node_modules/react-native/Libraries/Network"
  React-RCTSettings:
    :path: "../node_modules/react-native/Libraries/Settings"
  React-RCTText:
    :path: "../node_modules/react-native/Libraries/Text"
  React-RCTVibration:
    :path: "../node_modules/react-native/Libraries/Vibration"
  React-runtimeexecutor:
    :path: "../node_modules/react-native/ReactCommon/runtimeexecutor"
  ReactCommon:
    :path: "../node_modules/react-native/ReactCommon"
  RNAatkit:
    :path: "../node_modules/@addapptr/react-native-aatkit"
  RNCAsyncStorage:
    :path: "../node_modules/@react-native-async-storage/async-storage"
  RNCCheckbox:
    :path: "../node_modules/@react-native-community/checkbox"
  RNCPicker:
    :path: "../node_modules/@react-native-picker/picker"
  RNCPushNotificationIOS:
    :path: "../node_modules/@react-native-community/push-notification-ios"
  RNDateTimePicker:
    :path: "../node_modules/@react-native-community/datetimepicker"
  RNGestureHandler:
    :path: "../node_modules/react-native-gesture-handler"
  RNReanimated:
    :path: "../node_modules/react-native-reanimated"
  RNScreens:
    :path: "../node_modules/react-native-screens"
  RNSVG:
    :path: "../node_modules/react-native-svg"
  RNVectorIcons:
    :path: "../node_modules/react-native-vector-icons"
  stripe-react-native:
    :path: "../node_modules/@stripe/stripe-react-native"
  Yoga:
    :path: "../node_modules/react-native/ReactCommon/yoga"

SPEC CHECKSUMS:
  AATKit: 89c60cca8fe76b718c6a483697d97dffffbfdb19
  AmazonPublisherServicesSDK: 539059263689d2d14c25017f2ef89ac5db4787a8
  AppLovinSDK: 5c667a790725d9529c01c3f3acf12ab195865fbb
  BEMCheckBox: 5ba6e37ade3d3657b36caecc35c8b75c6c2b1a4e
  BlueStack-SDK: 45139f87573670fbfd8347ab522b9d3d246b4730
  Bluestack-SDK-Core: feccd16905fecd6486891b4ae7fd6d180bdc3295
  boost: 57d2868c099736d80fcd648bf211b4431e51a558
  CocoaAsyncSocket: 065fd1e645c7abab64f7a6a2007a48038fdc6a99
  CriteoMRAID: a037bee17b929a8bede8a07279e01a269cd85210
  CriteoPublisherSdk: cb29bc8c1a6975561ca3e8144bdcb95919cdc95f
  DoubleConversion: 5189b271737e1565bdce30deb4a08d647e3f5f54
  FBAudienceNetwork: e0fcc9091fced34910ed0b6da06f129db46ac9e6
  FBLazyVector: f637f31eacba90d4fdeff3fa41608b8f361c173b
  FBReactNativeSpec: 0d9a4f4de7ab614c49e98c00aedfd3bfbda33d59
  FeedAd: 8fba49b1c4b7073c3270f7ef9bf19d85d4eb679f
  Flipper: 26fc4b7382499f1281eb8cb921e5c3ad6de91fe0
  Flipper-Boost-iOSX: fd1e2b8cbef7e662a122412d7ac5f5bea715403c
  Flipper-DoubleConversion: 2dc99b02f658daf147069aad9dbd29d8feb06d30
  Flipper-Fmt: 60cbdd92fc254826e61d669a5d87ef7015396a9b
  Flipper-Folly: 584845625005ff068a6ebf41f857f468decd26b3
  Flipper-Glog: 70c50ce58ddaf67dc35180db05f191692570f446
  Flipper-PeerTalk: 116d8f857dc6ef55c7a5a75ea3ceaafe878aadc9
  Flipper-RSocket: d9d9ade67cbecf6ac10730304bf5607266dd2541
  FlipperKit: cbdee19bdd4e7f05472a66ce290f1b729ba3cb86
  fmt: ff9d55029c625d3757ed641535fd4a75fedc7ce9
  glog: 04b94705f318337d7ead9e6d17c019bd9b1f6b1b
  Google-Mobile-Ads-SDK: 976fdf273815674eed30b8aafffedb3c25b055e4
  GoogleAppMeasurement: f3abf08495ef2cba7829f15318c373b8d9226491
  GoogleMobileAdsMediationFacebook: d0dfe773d6009ddd2ee0dfded681a7a2c56a315b
  GoogleUserMessagingPlatform: dce302b8f1b84d6e945812ee7a15c3f65a102cbf
  GoogleUtilities: d053d902a8edaa9904e1bd00c37535385b8ed152
  hermes-engine: 47986d26692ae75ee7a17ab049caee8864f855de
  InMobiSDK: 7c62b28415c663b881fa7009d04e0a5484f67902
  IronSourceSDK: fa953c42181270336bc816fe969c49d36707b7d9
  libevent: 4049cae6c81cdb3654a443be001fb9bdceff7913
  MintegralAdSDK: 8a50d604e6d6f7c2842a24645a7a260ec3805d15
  nanopb: 438bc412db1928dac798aa6fd75726007be04262
  OpenSSL-Universal: ebc357f1e6bc71fa463ccb2fe676756aff50e88c
  PromisesObjC: f5707f49cb48b9636751c5b2e7d227e43fba9f47
  RCT-Folly: 424b8c9a7a0b9ab2886ffe9c3b041ef628fd4fb1
  RCTRequired: 8af6a32dfc2b65ec82193c2dee6e1011ff22ac2a
  RCTTypeSafety: bee9dd161c175896c680d47ef1d9eaacf2b587f4
  React: d850475db9ba8006a8b875d79e1e0d6ac8a0f8b6
  React-callinvoker: 6a0c75475ddc17c9ed54e4ff0478074a18fd7ab5
  React-Codegen: 786571642e87add634e7f4d299c85314ec6cc158
  React-Core: 1adfab153f59e4f56e09b97a153089f466d7b8aa
  React-CoreModules: 958d236715415d4ccdd5fa35c516cf0356637393
  React-cxxreact: 2e7a6283807ce8755c3d501735acd400bec3b5cd
  React-hermes: 8102c3112ba32207c3052619be8cfae14bf99d84
  React-jsi: dd29264f041a587e91f994e4be97e86c127742b2
  React-jsiexecutor: 747911ab5921641b4ed7e4900065896597142125
  React-jsinspector: c712f9e3bb9ba4122d6b82b4f906448b8a281580
  React-logger: 342f358b8decfbf8f272367f4eacf4b6154061be
  react-native-safe-area-context: 1d596539b05a78f2b346e954e7c577f6f9be7544
  react-native-webview: fa228e55c53372c2b361d2fa5e415844fa83eabf
  React-perflogger: d21f182895de9d1b077f8a3cd00011095c8c9100
  React-RCTActionSheet: 0151f83ef92d2a7139bba7dfdbc8066632a6d47b
  React-RCTAnimation: 5ec9c0705bb2297549c120fe6473aa3e4a01e215
  React-RCTAppDelegate: 9895fd1b6d1176d88c4b10ddc169b2e1300c91f0
  React-RCTBlob: f3634eb45b6e7480037655e1ca93d1136ac984dd
  React-RCTImage: 3c12cb32dec49549ae62ed6cba4018db43841ffc
  React-RCTLinking: 310e930ee335ef25481b4a173d9edb64b77895f9
  React-RCTNetwork: b6837841fe88303b0c04c1e3c01992b30f1f5498
  React-RCTSettings: 600d91fe25fa7c16b0ff891304082440f2904b89
  React-RCTText: a0a19f749088280c6def5397ed6211b811e7eef3
  React-RCTVibration: 43ffd976a25f6057a7cf95ea3648ba4e00287f89
  React-runtimeexecutor: 7c51ae9d4b3e9608a2366e39ccaa606aa551b9ed
  ReactCommon: 85c98ab0a509e70bf5ee5d9715cf68dbf495b84c
  RNAatkit: 5f033bf51005d517d9c4573d07f1b737b8c4a4a4
  RNCAsyncStorage: b90b71f45b8b97be43bc4284e71a6af48ac9f547
  RNCCheckbox: a3ca9978cb0846b981d28da4e9914bd437403d77
  RNCPicker: b18aaf30df596e9b1738e7c1f9ee55402a229dca
  RNCPushNotificationIOS: 64218f3c776c03d7408284a819b2abfda1834bc8
  RNDateTimePicker: 08f00a2c341bf96e4b30da15799fbdd4c5fa48a3
  RNGestureHandler: e145476da655f3dbc48ef2f0a08cf7a34338c02b
  RNReanimated: 4943d1e286130877c0539f053c3f36a22d8c66f5
  RNScreens: 93ae3be2f119d955620f9bbb39ad372adb53b7a9
  RNSVG: 53c661b76829783cdaf9b7a57258f3d3b4c28315
  RNVectorIcons: fcc2f6cb32f5735b586e66d14103a74ce6ad61f8
  smaato-ios-sdk: 6e5c5699b249e4793485ea0137bd649ec72c7473
  Smart-Display-SDK: 2d50b1f5add2d8fbbbeddd450f4d040febd8ad79
  SocketRocket: f32cd54efbe0f095c4d7594881e52619cfe80b17
  Stripe: ee6dfffc5e8a9fcdc6e023e041b52cfea362df6e
  stripe-react-native: 184a46a36ed449ff9f0ac5938ce65b20fc7bf0a2
  StripeApplePay: c76959cf0149f908a803f91ce750332b39c0decc
  StripeCore: bbaa237ed7d273315d9c8c48d3103e4fe1bcd380
  StripeFinancialConnections: 22e4118f77f7cc593e27f2fa06af2ab7ae085049
  StripePayments: feb5245e89c901edd849436f9f35d285619a1ccc
  StripePaymentSheet: 1faf0148cd85d7c67b9c290b9a1af25f8e0a4107
  StripePaymentsUI: 000e30dc6bc5b04f36f8a9fac80b6a4a5298cd99
  StripeUICore: 31c66d62940078bd132c23a1fe9ec8746edc02a2
  UnityAds: 6fa6b68b831706c9761dcd97555dd60b03e3254b
  VungleAds: 85eb3468e8a6dfcf86f2b2e7891181df426c0433
  Yoga: 065f0b74dba4832d6e328238de46eb72c5de9556
  YogaKit: f782866e155069a2cca2517aafea43200b01fd5a

PODFILE CHECKSUM: 4660f9966539dcd1024d561858a4991bcb6269c4

COCOAPODS: 1.15.2
